
Microsoft Visual Studio Solution File, Format Version 12.00
# Visual Studio 15
VisualStudioVersion = 15.0.28307.1022
MinimumVisualStudioVersion = 10.0.40219.1
Project("{FAE04EC0-301F-11D3-BF4B-00C04F79EFBC}") = "TryWebForm2", "TryWebForm2\TryWebForm2.csproj", "{E222AD53-B138-459A-BBB4-96B2F42D9FCB}"
EndProject
Global
	GlobalSection(SolutionConfigurationPlatforms) = preSolution
		Debug|Any CPU = Debug|Any CPU
		Release|Any CPU = Release|Any CPU
	EndGlobalSection
	GlobalSection(ProjectConfigurationPlatforms) = postSolution
		{E222AD53-B138-459A-BBB4-96B2F42D9FCB}.Debug|Any CPU.ActiveCfg = Debug|Any CPU
		{E222AD53-B138-459A-BBB4-96B2F42D9FCB}.Debug|Any CPU.Build.0 = Debug|Any CPU
		{E222AD53-B138-459A-BBB4-96B2F42D9FCB}.Release|Any CPU.ActiveCfg = Release|Any CPU
		{E222AD53-B138-459A-BBB4-96B2F42D9FCB}.Release|Any CPU.Build.0 = Release|Any CPU
	EndGlobalSection
	GlobalSection(SolutionProperties) = preSolution
		HideSolutionNode = FALSE
	EndGlobalSection
	GlobalSection(ExtensibilityGlobals) = postSolution
		SolutionGuid = {99AE1D2C-AB1F-4972-B098-F4728D84E060}
	EndGlobalSection
EndGlobal
