
Microsoft Visual Studio Solution File, Format Version 12.00
# Visual Studio 15
VisualStudioVersion = 15.0.28307.1022
MinimumVisualStudioVersion = 10.0.40219.1
Project("{FAE04EC0-301F-11D3-BF4B-00C04F79EFBC}") = "TryWebFirstEntityFramework", "TryWebFirstEntityFramework\TryWebFirstEntityFramework.csproj", "{8C084E52-5EA9-4D4E-A1EF-6DF0D41E7943}"
EndProject
Global
	GlobalSection(SolutionConfigurationPlatforms) = preSolution
		Debug|Any CPU = Debug|Any CPU
		Release|Any CPU = Release|Any CPU
	EndGlobalSection
	GlobalSection(ProjectConfigurationPlatforms) = postSolution
		{8C084E52-5EA9-4D4E-A1EF-6DF0D41E7943}.Debug|Any CPU.ActiveCfg = Debug|Any CPU
		{8C084E52-5EA9-4D4E-A1EF-6DF0D41E7943}.Debug|Any CPU.Build.0 = Debug|Any CPU
		{8C084E52-5EA9-4D4E-A1EF-6DF0D41E7943}.Release|Any CPU.ActiveCfg = Release|Any CPU
		{8C084E52-5EA9-4D4E-A1EF-6DF0D41E7943}.Release|Any CPU.Build.0 = Release|Any CPU
	EndGlobalSection
	GlobalSection(SolutionProperties) = preSolution
		HideSolutionNode = FALSE
	EndGlobalSection
	GlobalSection(ExtensibilityGlobals) = postSolution
		SolutionGuid = {CD36FE4B-232E-47BD-A31C-9506E1ED6155}
	EndGlobalSection
EndGlobal
